
Microsoft Visual Studio Solution File, Format Version 12.00
# Visual Studio Version 17
VisualStudioVersion = 17.4.33103.184
MinimumVisualStudioVersion = 10.0.40219.1
Project("{9A19103F-16F7-4668-BE54-9A1E7A4F7556}") = "WpfMart", "WpfMart\WpfMart.csproj", "{BFC6A25A-F912-45B0-9BB1-DE4967121297}"
EndProject
Project("{9A19103F-16F7-4668-BE54-9A1E7A4F7556}") = "WpfMart.Tests", "WpfMart.Tests\WpfMart.Tests.csproj", "{0BF7F900-0037-4B9D-BFA3-67FE32D8D0B8}"
EndProject
Project("{9A19103F-16F7-4668-BE54-9A1E7A4F7556}") = "WpfMartSamples", "WpfMartSamples\WpfMartSamples.csproj", "{3CDC746F-A090-4558-9D1F-76E4A45DADB7}"
EndProject
Project("{2150E333-8FDC-42A3-9474-1A3956D46DE8}") = "Solution Items", "Solution Items", "{3916C456-E1B2-4F30-8D4D-C1D2973A7AC6}"
	ProjectSection(SolutionItems) = preProject
		LICENSE = LICENSE
		README.md = README.md
	EndProjectSection
EndProject
Global
	GlobalSection(SolutionConfigurationPlatforms) = preSolution
		Debug|Any CPU = Debug|Any CPU
		Release|Any CPU = Release|Any CPU
	EndGlobalSection
	GlobalSection(ProjectConfigurationPlatforms) = postSolution
		{BFC6A25A-F912-45B0-9BB1-DE4967121297}.Debug|Any CPU.ActiveCfg = Debug|Any CPU
		{BFC6A25A-F912-45B0-9BB1-DE4967121297}.Debug|Any CPU.Build.0 = Debug|Any CPU
		{BFC6A25A-F912-45B0-9BB1-DE4967121297}.Release|Any CPU.ActiveCfg = Release|Any CPU
		{BFC6A25A-F912-45B0-9BB1-DE4967121297}.Release|Any CPU.Build.0 = Release|Any CPU
		{0BF7F900-0037-4B9D-BFA3-67FE32D8D0B8}.Debug|Any CPU.ActiveCfg = Debug|Any CPU
		{0BF7F900-0037-4B9D-BFA3-67FE32D8D0B8}.Debug|Any CPU.Build.0 = Debug|Any CPU
		{0BF7F900-0037-4B9D-BFA3-67FE32D8D0B8}.Release|Any CPU.ActiveCfg = Release|Any CPU
		{0BF7F900-0037-4B9D-BFA3-67FE32D8D0B8}.Release|Any CPU.Build.0 = Release|Any CPU
		{3CDC746F-A090-4558-9D1F-76E4A45DADB7}.Debug|Any CPU.ActiveCfg = Debug|Any CPU
		{3CDC746F-A090-4558-9D1F-76E4A45DADB7}.Debug|Any CPU.Build.0 = Debug|Any CPU
		{3CDC746F-A090-4558-9D1F-76E4A45DADB7}.Release|Any CPU.ActiveCfg = Release|Any CPU
		{3CDC746F-A090-4558-9D1F-76E4A45DADB7}.Release|Any CPU.Build.0 = Release|Any CPU
	EndGlobalSection
	GlobalSection(SolutionProperties) = preSolution
		HideSolutionNode = FALSE
	EndGlobalSection
	GlobalSection(ExtensibilityGlobals) = postSolution
		SolutionGuid = {22D5BE97-E894-4002-891E-E27FB2A30335}
	EndGlobalSection
EndGlobal
